<?xml version="1.0" encoding="utf-8"?>
<Project ToolsVersion="4.0" xmlns="http://schemas.microsoft.com/developer/msbuild/2003">
  <ItemGroup>
    <ClCompile Include="..\..\..\Util\MissingSuiteError.cpp">
      <Filter>Supporting Code\AE</Filter>
    </ClCompile>
    <ClCompile Include="..\..\..\Util\AEGP_SuiteHandler.cpp">
      <Filter>Supporting Code\AE</Filter>
    </ClCompile>
    <ClCompile Include="..\Lib\json11\json11.cpp">
      <Filter>Supporting Code\Json11</Filter>
    </ClCompile>
    <ClCompile Include="..\MyMenu.cpp" />
  </ItemGroup>
  <ItemGroup>
    <ClInclude Include="..\..\..\Headers\PR_Public.h">
      <Filter>Headers\AE</Filter>
    </ClInclude>
    <ClInclude Include="..\..\..\Headers\A.h">
      <Filter>Headers\AE</Filter>
    </ClInclude>
    <ClInclude Include="..\..\..\Headers\AE_Effect.h">
      <Filter>Headers\AE</Filter>
    </ClInclude>
    <ClInclude Include="..\..\..\Headers\AE_EffectCB.h">
      <Filter>Headers\AE</Filter>
    </ClInclude>
    <ClInclude Include="..\..\..\Headers\AE_EffectCBSuites.h">
      <Filter>Headers\AE</Filter>
    </ClInclude>
    <ClInclude Include="..\..\..\Headers\AE_EffectSuites.h">
      <Filter>Headers\AE</Filter>
    </ClInclude>
    <ClInclude Include="..\..\..\Util\AE_EffectSuitesHelper.h">
      <Filter>Headers\AE</Filter>
    </ClInclude>
    <ClInclude Include="..\..\..\Headers\AE_EffectUI.h">
      <Filter>Headers\AE</Filter>
    </ClInclude>
    <ClInclude Include="..\..\..\Headers\AE_GeneralPlug.h">
      <Filter>Headers\AE</Filter>
    </ClInclude>
    <ClInclude Include="..\..\..\Headers\AE_GeneralPlugOld.h">
      <Filter>Headers\AE</Filter>
    </ClInclude>
    <ClInclude Include="..\..\..\Headers\AE_IO.h">
      <Filter>Headers\AE</Filter>
    </ClInclude>
    <ClInclude Include="..\..\..\Headers\AE_Macros.h">
      <Filter>Headers\AE</Filter>
    </ClInclude>
    <ClInclude Include="..\..\..\Util\AEGP_SuiteHandler.h">
      <Filter>Headers\AE</Filter>
    </ClInclude>
    <ClInclude Include="..\..\..\Util\entry.h">
      <Filter>Headers\AE</Filter>
    </ClInclude>
    <ClInclude Include="..\..\..\Headers\FIEL_Public.h">
      <Filter>Headers\AE</Filter>
    </ClInclude>
    <ClInclude Include="..\..\..\Headers\PF_Masks.h">
      <Filter>Headers\AE</Filter>
    </ClInclude>
    <ClInclude Include="..\AEUT.hpp" />
    <ClInclude Include="..\Lib\json11\json11.hpp">
      <Filter>Headers\Json11</Filter>
    </ClInclude>
    <ClInclude Include="..\MyMenu.h">
      <Filter>Headers</Filter>
    </ClInclude>
  </ItemGroup>
  <ItemGroup>
    <Filter Include="Headers">
      <UniqueIdentifier>{da646483-0ba0-4c2a-aec6-a6c14220c3b4}</UniqueIdentifier>
    </Filter>
    <Filter Include="Supporting Code">
      <UniqueIdentifier>{56df3283-729f-410a-acbd-03fe24907b01}</UniqueIdentifier>
    </Filter>
    <Filter Include="Headers\AE">
      <UniqueIdentifier>{f4c4a014-56c8-4f80-b4ba-412e8641c255}</UniqueIdentifier>
    </Filter>
    <Filter Include="Resources">
      <UniqueIdentifier>{4e8a9b61-1b03-4226-8e36-d8c23c9b85fa}</UniqueIdentifier>
    </Filter>
    <Filter Include="Supporting Code\AE">
      <UniqueIdentifier>{fccba394-537a-4492-9993-5b4a89a9cbd5}</UniqueIdentifier>
    </Filter>
    <Filter Include="Supporting Code\Json11">
      <UniqueIdentifier>{434ffd00-d8d4-4381-8ef5-c52e48bf8b72}</UniqueIdentifier>
    </Filter>
    <Filter Include="Headers\Json11">
      <UniqueIdentifier>{0bbbad5f-2cb8-4316-99d9-f8005e4efd07}</UniqueIdentifier>
    </Filter>
  </ItemGroup>
  <ItemGroup>
    <CustomBuild Include="..\MyMenu_PiPL.r">
      <Filter>Resources</Filter>
    </CustomBuild>
  </ItemGroup>
  <ItemGroup>
    <ResourceCompile Include="MyMenu_PiPL.rc">
      <Filter>Resources</Filter>
    </ResourceCompile>
  </ItemGroup>
</Project>